// !$*UTF8*$!
{
	archiveVersion = 1;
	classes = {
	};
	objectVersion = 52;
	objects = {

/* Begin PBXBuildFile section */
		1839F4B025190F2A00BB00F1 /* AppMain.swift in Sources */ = {isa = PBXBuildFile; fileRef = 1839F4AF25190F2A00BB00F1 /* AppMain.swift */; };
		18D775C522AD944300AE281E /* LoadingView.swift in Sources */ = {isa = PBXBuildFile; fileRef = 18D775C422AD944300AE281E /* LoadingView.swift */; };
		18D775C722AD944400AE281E /* Assets.xcassets in Resources */ = {isa = PBXBuildFile; fileRef = 18D775C622AD944400AE281E /* Assets.xcassets */; };
		18D775D822AD963800AE281E /* LaunchScreen.storyboard in Resources */ = {isa = PBXBuildFile; fileRef = 18D775DA22AD963800AE281E /* LaunchScreen.storyboard */; };
		9C11323526FF73CB00571AB3 /* Checksum.swift in Sources */ = {isa = PBXBuildFile; fileRef = 9C11323426FF73CB00571AB3 /* Checksum.swift */; };
		9C12FDB427011CD300A4AC4F /* YoungSerif-Regular.otf in Resources */ = {isa = PBXBuildFile; fileRef = 9C12FDB327011CD300A4AC4F /* YoungSerif-Regular.otf */; };
		9C12FDB727011D0300A4AC4F /* LICENSE in Resources */ = {isa = PBXBuildFile; fileRef = 9C12FDB627011D0300A4AC4F /* LICENSE */; };
		9C55E79D27018D8200C0DF06 /* BottomToolbar.swift in Sources */ = {isa = PBXBuildFile; fileRef = 9C55E79C27018D8200C0DF06 /* BottomToolbar.swift */; };
		9C55E79F27018E8200C0DF06 /* DetailsView.swift in Sources */ = {isa = PBXBuildFile; fileRef = 9C55E79E27018E8200C0DF06 /* DetailsView.swift */; };
		9C659CD32700FDE00048C168 /* DataModels.swift in Sources */ = {isa = PBXBuildFile; fileRef = 9C659CD22700FDE00048C168 /* DataModels.swift */; };
		9C659CD52700FDF90048C168 /* ThumbImage.swift in Sources */ = {isa = PBXBuildFile; fileRef = 9C659CD42700FDF90048C168 /* ThumbImage.swift */; };
		9C8AFE1526FCDB8A00EC76D3 /* ListView.swift in Sources */ = {isa = PBXBuildFile; fileRef = 9C8AFE1426FCDB8A00EC76D3 /* ListView.swift */; };
		9C8AFE1726FCDBA600EC76D3 /* EmojiArtModel.swift in Sources */ = {isa = PBXBuildFile; fileRef = 9C8AFE1626FCDBA600EC76D3 /* EmojiArtModel.swift */; };
		9C8AFE1926FCDCB000EC76D3 /* Utility.swift in Sources */ = {isa = PBXBuildFile; fileRef = 9C8AFE1826FCDCB000EC76D3 /* Utility.swift */; };
		9CD905E62701BCCB00D77741 /* DiskStorage.swift in Sources */ = {isa = PBXBuildFile; fileRef = 9CD905E52701BCCB00D77741 /* DiskStorage.swift */; };
/* End PBXBuildFile section */

/* Begin PBXFileReference section */
		1839F4AF25190F2A00BB00F1 /* AppMain.swift */ = {isa = PBXFileReference; lastKnownFileType = sourcecode.swift; path = AppMain.swift; sourceTree = "<group>"; };
		18D775BD22AD944300AE281E /* EmojiArt.app */ = {isa = PBXFileReference; explicitFileType = wrapper.application; includeInIndex = 0; path = EmojiArt.app; sourceTree = BUILT_PRODUCTS_DIR; };
		18D775C422AD944300AE281E /* LoadingView.swift */ = {isa = PBXFileReference; lastKnownFileType = sourcecode.swift; path = LoadingView.swift; sourceTree = "<group>"; };
		18D775C622AD944400AE281E /* Assets.xcassets */ = {isa = PBXFileReference; lastKnownFileType = folder.assetcatalog; path = Assets.xcassets; sourceTree = "<group>"; };
		18D775CE22AD944400AE281E /* Info.plist */ = {isa = PBXFileReference; lastKnownFileType = text.plist.xml; path = Info.plist; sourceTree = "<group>"; };
		18D775DE22AD96B400AE281E /* Base */ = {isa = PBXFileReference; lastKnownFileType = file.storyboard; name = Base; path = Base.lproj/LaunchScreen.storyboard; sourceTree = "<group>"; };
		9C11323426FF73CB00571AB3 /* Checksum.swift */ = {isa = PBXFileReference; lastKnownFileType = sourcecode.swift; path = Checksum.swift; sourceTree = "<group>"; };
		9C12FDB327011CD300A4AC4F /* YoungSerif-Regular.otf */ = {isa = PBXFileReference; lastKnownFileType = file; path = "YoungSerif-Regular.otf"; sourceTree = "<group>"; };
		9C12FDB627011D0300A4AC4F /* LICENSE */ = {isa = PBXFileReference; lastKnownFileType = text; path = LICENSE; sourceTree = "<group>"; };
		9C55E79C27018D8200C0DF06 /* BottomToolbar.swift */ = {isa = PBXFileReference; lastKnownFileType = sourcecode.swift; path = BottomToolbar.swift; sourceTree = "<group>"; };
		9C55E79E27018E8200C0DF06 /* DetailsView.swift */ = {isa = PBXFileReference; lastKnownFileType = sourcecode.swift; path = DetailsView.swift; sourceTree = "<group>"; };
		9C659CD22700FDE00048C168 /* DataModels.swift */ = {isa = PBXFileReference; lastKnownFileType = sourcecode.swift; path = DataModels.swift; sourceTree = "<group>"; };
		9C659CD42700FDF90048C168 /* ThumbImage.swift */ = {isa = PBXFileReference; lastKnownFileType = sourcecode.swift; path = ThumbImage.swift; sourceTree = "<group>"; };
		9C8AFE1426FCDB8A00EC76D3 /* ListView.swift */ = {isa = PBXFileReference; lastKnownFileType = sourcecode.swift; path = ListView.swift; sourceTree = "<group>"; };
		9C8AFE1626FCDBA600EC76D3 /* EmojiArtModel.swift */ = {isa = PBXFileReference; lastKnownFileType = sourcecode.swift; path = EmojiArtModel.swift; sourceTree = "<group>"; };
		9C8AFE1826FCDCB000EC76D3 /* Utility.swift */ = {isa = PBXFileReference; lastKnownFileType = sourcecode.swift; path = Utility.swift; sourceTree = "<group>"; };
		9CD905E52701BCCB00D77741 /* DiskStorage.swift */ = {isa = PBXFileReference; lastKnownFileType = sourcecode.swift; path = DiskStorage.swift; sourceTree = "<group>"; };
/* End PBXFileReference section */

/* Begin PBXFrameworksBuildPhase section */
		18D775BA22AD944300AE281E /* Frameworks */ = {
			isa = PBXFrameworksBuildPhase;
			buildActionMask = 2147483647;
			files = (
			);
			runOnlyForDeploymentPostprocessing = 0;
		};
/* End PBXFrameworksBuildPhase section */

/* Begin PBXGroup section */
		18D775B422AD944300AE281E = {
			isa = PBXGroup;
			children = (
				18D775BF22AD944300AE281E /* EmojiArt */,
				18D775BE22AD944300AE281E /* Products */,
			);
			indentWidth = 2;
			sourceTree = "<group>";
			tabWidth = 2;
		};
		18D775BE22AD944300AE281E /* Products */ = {
			isa = PBXGroup;
			children = (
				18D775BD22AD944300AE281E /* EmojiArt.app */,
			);
			name = Products;
			sourceTree = "<group>";
		};
		18D775BF22AD944300AE281E /* EmojiArt */ = {
			isa = PBXGroup;
			children = (
				9C659CD72700FE530048C168 /* Database */,
				9C659CD62700FE3C0048C168 /* Networking */,
				9C8AFE1326FCDB5B00EC76D3 /* Model */,
				9C8AFE1226FCDB5700EC76D3 /* Views */,
				9C8AFE1126FCDAB500EC76D3 /* Assets */,
				1839F4AF25190F2A00BB00F1 /* AppMain.swift */,
			);
			path = EmojiArt;
			sourceTree = "<group>";
		};
		9C12FDB527011CEE00A4AC4F /* Fonts */ = {
			isa = PBXGroup;
			children = (
				9C12FDB327011CD300A4AC4F /* YoungSerif-Regular.otf */,
				9C12FDB627011D0300A4AC4F /* LICENSE */,
			);
			path = Fonts;
			sourceTree = "<group>";
		};
		9C659CD62700FE3C0048C168 /* Networking */ = {
			isa = PBXGroup;
			children = (
			);
			path = Networking;
			sourceTree = "<group>";
		};
		9C659CD72700FE530048C168 /* Database */ = {
			isa = PBXGroup;
			children = (
				9CD905E52701BCCB00D77741 /* DiskStorage.swift */,
			);
			path = Database;
			sourceTree = "<group>";
		};
		9C8AFE1126FCDAB500EC76D3 /* Assets */ = {
			isa = PBXGroup;
			children = (
				9C12FDB527011CEE00A4AC4F /* Fonts */,
				18D775CE22AD944400AE281E /* Info.plist */,
				18D775C622AD944400AE281E /* Assets.xcassets */,
				18D775DA22AD963800AE281E /* LaunchScreen.storyboard */,
			);
			path = Assets;
			sourceTree = "<group>";
		};
		9C8AFE1226FCDB5700EC76D3 /* Views */ = {
			isa = PBXGroup;
			children = (
				18D775C422AD944300AE281E /* LoadingView.swift */,
				9C8AFE1426FCDB8A00EC76D3 /* ListView.swift */,
				9C55E79E27018E8200C0DF06 /* DetailsView.swift */,
				9C659CD42700FDF90048C168 /* ThumbImage.swift */,
				9C55E79C27018D8200C0DF06 /* BottomToolbar.swift */,
			);
			path = Views;
			sourceTree = "<group>";
		};
		9C8AFE1326FCDB5B00EC76D3 /* Model */ = {
			isa = PBXGroup;
			children = (
				9C8AFE1626FCDBA600EC76D3 /* EmojiArtModel.swift */,
				9C8AFE1826FCDCB000EC76D3 /* Utility.swift */,
				9C11323426FF73CB00571AB3 /* Checksum.swift */,
				9C659CD22700FDE00048C168 /* DataModels.swift */,
			);
			path = Model;
			sourceTree = "<group>";
		};
/* End PBXGroup section */

/* Begin PBXNativeTarget section */
		18D775BC22AD944300AE281E /* EmojiArt */ = {
			isa = PBXNativeTarget;
			buildConfigurationList = 18D775D122AD944400AE281E /* Build configuration list for PBXNativeTarget "EmojiArt" */;
			buildPhases = (
				181FE31D248EA6C900A180EA /* SwiftLint */,
				18D775B922AD944300AE281E /* Sources */,
				18D775BA22AD944300AE281E /* Frameworks */,
				18D775BB22AD944300AE281E /* Resources */,
			);
			buildRules = (
			);
			dependencies = (
			);
			name = EmojiArt;
			productName = MyRWTutorial;
			productReference = 18D775BD22AD944300AE281E /* EmojiArt.app */;
			productType = "com.apple.product-type.application";
		};
/* End PBXNativeTarget section */

/* Begin PBXProject section */
		18D775B522AD944300AE281E /* Project object */ = {
			isa = PBXProject;
			attributes = {
				LastSwiftUpdateCheck = 1100;
				LastUpgradeCheck = 1200;
				ORGANIZATIONNAME = "Ray Wenderlich";
				TargetAttributes = {
					18D775BC22AD944300AE281E = {
						CreatedOnToolsVersion = 11.0;
					};
				};
			};
			buildConfigurationList = 18D775B822AD944300AE281E /* Build configuration list for PBXProject "EmojiArt" */;
			compatibilityVersion = "Xcode 11.0";
			developmentRegion = en;
			hasScannedForEncodings = 0;
			knownRegions = (
				en,
				Base,
			);
			mainGroup = 18D775B422AD944300AE281E;
			productRefGroup = 18D775BE22AD944300AE281E /* Products */;
			projectDirPath = "";
			projectRoot = "";
			targets = (
				18D775BC22AD944300AE281E /* EmojiArt */,
			);
		};
/* End PBXProject section */

/* Begin PBXResourcesBuildPhase section */
		18D775BB22AD944300AE281E /* Resources */ = {
			isa = PBXResourcesBuildPhase;
			buildActionMask = 2147483647;
			files = (
				9C12FDB427011CD300A4AC4F /* YoungSerif-Regular.otf in Resources */,
				18D775D822AD963800AE281E /* LaunchScreen.storyboard in Resources */,
				9C12FDB727011D0300A4AC4F /* LICENSE in Resources */,
				18D775C722AD944400AE281E /* Assets.xcassets in Resources */,
			);
			runOnlyForDeploymentPostprocessing = 0;
		};
/* End PBXResourcesBuildPhase section */

/* Begin PBXShellScriptBuildPhase section */
		181FE31D248EA6C900A180EA /* SwiftLint */ = {
			isa = PBXShellScriptBuildPhase;
			buildActionMask = 12;
			files = (
			);
			inputFileListPaths = (
			);
			inputPaths = (
			);
			name = SwiftLint;
			outputFileListPaths = (
			);
			outputPaths = (
			);
			runOnlyForDeploymentPostprocessing = 0;
			shellPath = /bin/sh;
			shellScript = "PATH=/opt/homebrew/bin:$PATH\nif [ -f ~/com.raywenderlich.swiftlint.yml ]; then\n  if which swiftlint >/dev/null; then\n    swiftlint --no-cache --config ~/com.raywenderlich.swiftlint.yml\n  fi\nfi\n";
		};
/* End PBXShellScriptBuildPhase section */

/* Begin PBXSourcesBuildPhase section */
		18D775B922AD944300AE281E /* Sources */ = {
			isa = PBXSourcesBuildPhase;
			buildActionMask = 2147483647;
			files = (
				9C659CD32700FDE00048C168 /* DataModels.swift in Sources */,
				9C8AFE1926FCDCB000EC76D3 /* Utility.swift in Sources */,
				18D775C522AD944300AE281E /* LoadingView.swift in Sources */,
				9CD905E62701BCCB00D77741 /* DiskStorage.swift in Sources */,
				9C11323526FF73CB00571AB3 /* Checksum.swift in Sources */,
				1839F4B025190F2A00BB00F1 /* AppMain.swift in Sources */,
				9C8AFE1726FCDBA600EC76D3 /* EmojiArtModel.swift in Sources */,
				9C659CD52700FDF90048C168 /* ThumbImage.swift in Sources */,
				9C55E79D27018D8200C0DF06 /* BottomToolbar.swift in Sources */,
				9C55E79F27018E8200C0DF06 /* DetailsView.swift in Sources */,
				9C8AFE1526FCDB8A00EC76D3 /* ListView.swift in Sources */,
			);
			runOnlyForDeploymentPostprocessing = 0;
		};
/* End PBXSourcesBuildPhase section */

/* Begin PBXVariantGroup section */
		18D775DA22AD963800AE281E /* LaunchScreen.storyboard */ = {
			isa = PBXVariantGroup;
			children = (
				18D775DE22AD96B400AE281E /* Base */,
			);
			name = LaunchScreen.storyboard;
			sourceTree = "<group>";
		};
/* End PBXVariantGroup section */

/* Begin XCBuildConfiguration section */
		18D775CF22AD944400AE281E /* Debug */ = {
			isa = XCBuildConfiguration;
			buildSettings = {
				ALWAYS_SEARCH_USER_PATHS = NO;
				CLANG_ANALYZER_NONNULL = YES;
				CLANG_ANALYZER_NUMBER_OBJECT_CONVERSION = YES_AGGRESSIVE;
				CLANG_CXX_LANGUAGE_STANDARD = "gnu++14";
				CLANG_CXX_LIBRARY = "libc++";
				CLANG_ENABLE_MODULES = YES;
				CLANG_ENABLE_OBJC_ARC = YES;
				CLANG_ENABLE_OBJC_WEAK = YES;
				CLANG_WARN_BLOCK_CAPTURE_AUTORELEASING = YES;
				CLANG_WARN_BOOL_CONVERSION = YES;
				CLANG_WARN_COMMA = YES;
				CLANG_WARN_CONSTANT_CONVERSION = YES;
				CLANG_WARN_DEPRECATED_OBJC_IMPLEMENTATIONS = YES;
				CLANG_WARN_DIRECT_OBJC_ISA_USAGE = YES_ERROR;
				CLANG_WARN_DOCUMENTATION_COMMENTS = YES;
				CLANG_WARN_EMPTY_BODY = YES;
				CLANG_WARN_ENUM_CONVERSION = YES;
				CLANG_WARN_INFINITE_RECURSION = YES;
				CLANG_WARN_INT_CONVERSION = YES;
				CLANG_WARN_NON_LITERAL_NULL_CONVERSION = YES;
				CLANG_WARN_OBJC_IMPLICIT_RETAIN_SELF = YES;
				CLANG_WARN_OBJC_LITERAL_CONVERSION = YES;
				CLANG_WARN_OBJC_ROOT_CLASS = YES_ERROR;
				CLANG_WARN_QUOTED_INCLUDE_IN_FRAMEWORK_HEADER = YES;
				CLANG_WARN_RANGE_LOOP_ANALYSIS = YES;
				CLANG_WARN_STRICT_PROTOTYPES = YES;
				CLANG_WARN_SUSPICIOUS_MOVE = YES;
				CLANG_WARN_UNGUARDED_AVAILABILITY = YES_AGGRESSIVE;
				CLANG_WARN_UNREACHABLE_CODE = YES;
				CLANG_WARN__DUPLICATE_METHOD_MATCH = YES;
				COPY_PHASE_STRIP = NO;
				DEBUG_INFORMATION_FORMAT = dwarf;
				ENABLE_STRICT_OBJC_MSGSEND = YES;
				ENABLE_TESTABILITY = YES;
				GCC_C_LANGUAGE_STANDARD = gnu11;
				GCC_DYNAMIC_NO_PIC = NO;
				GCC_NO_COMMON_BLOCKS = YES;
				GCC_OPTIMIZATION_LEVEL = 0;
				GCC_PREPROCESSOR_DEFINITIONS = (
					"DEBUG=1",
					"$(inherited)",
				);
				GCC_WARN_64_TO_32_BIT_CONVERSION = YES;
				GCC_WARN_ABOUT_RETURN_TYPE = YES_ERROR;
				GCC_WARN_UNDECLARED_SELECTOR = YES;
				GCC_WARN_UNINITIALIZED_AUTOS = YES_AGGRESSIVE;
				GCC_WARN_UNUSED_FUNCTION = YES;
				GCC_WARN_UNUSED_VARIABLE = YES;
				IPHONEOS_DEPLOYMENT_TARGET = 15.0;
				MTL_ENABLE_DEBUG_INFO = INCLUDE_SOURCE;
				MTL_FAST_MATH = YES;
				ONLY_ACTIVE_ARCH = YES;
				SDKROOT = iphoneos;
				SWIFT_ACTIVE_COMPILATION_CONDITIONS = DEBUG;
				SWIFT_OPTIMIZATION_LEVEL = "-Onone";
			};
			name = Debug;
		};
		18D775D022AD944400AE281E /* Release */ = {
			isa = XCBuildConfiguration;
			buildSettings = {
				ALWAYS_SEARCH_USER_PATHS = NO;
				CLANG_ANALYZER_NONNULL = YES;
				CLANG_ANALYZER_NUMBER_OBJECT_CONVERSION = YES_AGGRESSIVE;
				CLANG_CXX_LANGUAGE_STANDARD = "gnu++14";
				CLANG_CXX_LIBRARY = "libc++";
				CLANG_ENABLE_MODULES = YES;
				CLANG_ENABLE_OBJC_ARC = YES;
				CLANG_ENABLE_OBJC_WEAK = YES;
				CLANG_WARN_BLOCK_CAPTURE_AUTORELEASING = YES;
				CLANG_WARN_BOOL_CONVERSION = YES;
				CLANG_WARN_COMMA = YES;
				CLANG_WARN_CONSTANT_CONVERSION = YES;
				CLANG_WARN_DEPRECATED_OBJC_IMPLEMENTATIONS = YES;
				CLANG_WARN_DIRECT_OBJC_ISA_USAGE = YES_ERROR;
				CLANG_WARN_DOCUMENTATION_COMMENTS = YES;
				CLANG_WARN_EMPTY_BODY = YES;
				CLANG_WARN_ENUM_CONVERSION = YES;
				CLANG_WARN_INFINITE_RECURSION = YES;
				CLANG_WARN_INT_CONVERSION = YES;
				CLANG_WARN_NON_LITERAL_NULL_CONVERSION = YES;
				CLANG_WARN_OBJC_IMPLICIT_RETAIN_SELF = YES;
				CLANG_WARN_OBJC_LITERAL_CONVERSION = YES;
				CLANG_WARN_OBJC_ROOT_CLASS = YES_ERROR;
				CLANG_WARN_QUOTED_INCLUDE_IN_FRAMEWORK_HEADER = YES;
				CLANG_WARN_RANGE_LOOP_ANALYSIS = YES;
				CLANG_WARN_STRICT_PROTOTYPES = YES;
				CLANG_WARN_SUSPICIOUS_MOVE = YES;
				CLANG_WARN_UNGUARDED_AVAILABILITY = YES_AGGRESSIVE;
				CLANG_WARN_UNREACHABLE_CODE = YES;
				CLANG_WARN__DUPLICATE_METHOD_MATCH = YES;
				COPY_PHASE_STRIP = NO;
				DEBUG_INFORMATION_FORMAT = "dwarf-with-dsym";
				ENABLE_NS_ASSERTIONS = NO;
				ENABLE_STRICT_OBJC_MSGSEND = YES;
				GCC_C_LANGUAGE_STANDARD = gnu11;
				GCC_NO_COMMON_BLOCKS = YES;
				GCC_WARN_64_TO_32_BIT_CONVERSION = YES;
				GCC_WARN_ABOUT_RETURN_TYPE = YES_ERROR;
				GCC_WARN_UNDECLARED_SELECTOR = YES;
				GCC_WARN_UNINITIALIZED_AUTOS = YES_AGGRESSIVE;
				GCC_WARN_UNUSED_FUNCTION = YES;
				GCC_WARN_UNUSED_VARIABLE = YES;
				IPHONEOS_DEPLOYMENT_TARGET = 15.0;
				MTL_ENABLE_DEBUG_INFO = NO;
				MTL_FAST_MATH = YES;
				SDKROOT = iphoneos;
				SWIFT_COMPILATION_MODE = wholemodule;
				SWIFT_OPTIMIZATION_LEVEL = "-O";
				VALIDATE_PRODUCT = YES;
			};
			name = Release;
		};
		18D775D222AD944400AE281E /* Debug */ = {
			isa = XCBuildConfiguration;
			buildSettings = {
				ASSETCATALOG_COMPILER_APPICON_NAME = AppIcon;
				CODE_SIGN_STYLE = Automatic;
				DEVELOPMENT_ASSET_PATHS = "";
				DEVELOPMENT_TEAM = "";
				ENABLE_PREVIEWS = YES;
				INFOPLIST_FILE = EmojiArt/Assets/Info.plist;
				IPHONEOS_DEPLOYMENT_TARGET = 15.0;
				LD_RUNPATH_SEARCH_PATHS = (
					"$(inherited)",
					"@executable_path/Frameworks",
				);
				PRODUCT_BUNDLE_IDENTIFIER = com.raywenderlich.EmojiArt;
				PRODUCT_NAME = "$(TARGET_NAME)";
				SWIFT_VERSION = 5.0;
				TARGETED_DEVICE_FAMILY = 1;
			};
			name = Debug;
		};
		18D775D322AD944400AE281E /* Release */ = {
			isa = XCBuildConfiguration;
			buildSettings = {
				ASSETCATALOG_COMPILER_APPICON_NAME = AppIcon;
				CODE_SIGN_STYLE = Automatic;
				DEVELOPMENT_ASSET_PATHS = "";
				DEVELOPMENT_TEAM = "";
				ENABLE_PREVIEWS = YES;
				INFOPLIST_FILE = EmojiArt/Assets/Info.plist;
				IPHONEOS_DEPLOYMENT_TARGET = 15.0;
				LD_RUNPATH_SEARCH_PATHS = (
					"$(inherited)",
					"@executable_path/Frameworks",
				);
				PRODUCT_BUNDLE_IDENTIFIER = com.raywenderlich.EmojiArt;
				PRODUCT_NAME = "$(TARGET_NAME)";
				SWIFT_VERSION = 5.0;
				TARGETED_DEVICE_FAMILY = 1;
			};
			name = Release;
		};
/* End XCBuildConfiguration section */

/* Begin XCConfigurationList section */
		18D775B822AD944300AE281E /* Build configuration list for PBXProject "EmojiArt" */ = {
			isa = XCConfigurationList;
			buildConfigurations = (
				18D775CF22AD944400AE281E /* Debug */,
				18D775D022AD944400AE281E /* Release */,
			);
			defaultConfigurationIsVisible = 0;
			defaultConfigurationName = Release;
		};
		18D775D122AD944400AE281E /* Build configuration list for PBXNativeTarget "EmojiArt" */ = {
			isa = XCConfigurationList;
			buildConfigurations = (
				18D775D222AD944400AE281E /* Debug */,
				18D775D322AD944400AE281E /* Release */,
			);
			defaultConfigurationIsVisible = 0;
			defaultConfigurationName = Release;
		};
/* End XCConfigurationList section */
	};
	rootObject = 18D775B522AD944300AE281E /* Project object */;
}
